github.com/bwmarrin/discordgo v0.20.2 h1:nA7jiTtqUA9lT93WL2jPjUp8ZTEInRujBdx1C9gkr20=
github.com/bwmarrin/discordgo v0.20.2/go.mod h1:O9S4p+ofTFwB02em7jkpkV8M3R0/PUVOwN61zSZ0r4Q=
github.com/gorilla/websocket v1.4.0 h1:WDFjx/TMzVgy9VdMMQi2K2Emtwi2QcUQsztZ/zLaH/Q=
github.com/gorilla/websocket v1.4.0/go.mod h1:E7qHFY5m1UJ88s3WnNqhKjPHQ0heANvMoAMk2YaljkQ=
github.com/nitrix/senko v0.0.2 h1:fHwXoR4oSCMX0chHH/rXy3xPA2qtYWQnTTeOg05wYy0=
github.com/sanzaru/go-giphy v0.0.0-20180211202227-c353d5ec6ee8 h1:i6eP2Hp68IJgrNSiUoExFbIlZ9yt8kFaSsoiYcjPeK8=
github.com/sanzaru/go-giphy v0.0.0-20180211202227-c353d5ec6ee8/go.mod h1:VblnnSJiiid/UB7WgpUdpzoanVG3HdlEH7/J5Xr+JYQ=
golang.org/x/crypto v0.0.0-20181030102418-4d3f4d9ffa16 h1:y6ce7gCWtnH+m3dCjzQ1PCuwl28DDIc3VNnvY29DlIA=
golang.org/x/crypto v0.0.0-20181030102418-4d3f4d9ffa16/go.mod h1:6SG95UA2DQfeDnfUPMdvaQW0Q7yPrPDi9nlGo2tz2b4=
